
Microsoft Visual Studio Solution File, Format Version 12.00
# Visual Studio Version 16
VisualStudioVersion = 16.0.31729.503
MinimumVisualStudioVersion = 10.0.40219.1
Project("{FAE04EC0-301F-11D3-BF4B-00C04F79EFBC}") = "WorkerManagmentSystem", "WorkerManagmentSystem.csproj", "{14933204-D58A-4B4E-AEFB-3741C77F917D}"
EndProject
Global
	GlobalSection(SolutionConfigurationPlatforms) = preSolution
		Debug|Any CPU = Debug|Any CPU
		Release|Any CPU = Release|Any CPU
	EndGlobalSection
	GlobalSection(ProjectConfigurationPlatforms) = postSolution
		{14933204-D58A-4B4E-AEFB-3741C77F917D}.Debug|Any CPU.ActiveCfg = Debug|Any CPU
		{14933204-D58A-4B4E-AEFB-3741C77F917D}.Debug|Any CPU.Build.0 = Debug|Any CPU
		{14933204-D58A-4B4E-AEFB-3741C77F917D}.Release|Any CPU.ActiveCfg = Release|Any CPU
		{14933204-D58A-4B4E-AEFB-3741C77F917D}.Release|Any CPU.Build.0 = Release|Any CPU
	EndGlobalSection
	GlobalSection(SolutionProperties) = preSolution
		HideSolutionNode = FALSE
	EndGlobalSection
	GlobalSection(ExtensibilityGlobals) = postSolution
		SolutionGuid = {935C9536-6393-4C63-9E3D-554871401B03}
	EndGlobalSection
EndGlobal
